// !$*UTF8*$!
{
	archiveVersion = 1;
	classes = {
	};
	objectVersion = 54;
	objects = {

/* Begin PBXBuildFile section */
		000C08872EC5B7F200ACC394 /* SQLite in Frameworks */ = {isa = PBXBuildFile; productRef = 000C08862EC5B7F200ACC394 /* SQLite */; };
		06BFA357937C8A1711FC9F4C /* Foundation.framework in Frameworks */ = {isa = PBXBuildFile; fileRef = 3447C1518F622CD945FA0588 /* Foundation.framework */; };
		0A2519E7EE40271944833A9E /* LinedTextView.swift in Sources */ = {isa = PBXBuildFile; fileRef = 399F4930693CA4710608F190 /* LinedTextView.swift */; };
		0AD24A7246DF253CE8584239 /* NoteRecords.swift in Sources */ = {isa = PBXBuildFile; fileRef = FAA608A98F41F901DC3ECB8A /* NoteRecords.swift */; };
		27C568D29772503FBC3FC133 /* RoundUIView.swift in Sources */ = {isa = PBXBuildFile; fileRef = 151B632C013000F21A31FAA1 /* RoundUIView.swift */; };
		2B35C823B134674D76C0AB57 /* NoteViewController.swift in Sources */ = {isa = PBXBuildFile; fileRef = 8A8BB0F652A4FCBF87C2AABF /* NoteViewController.swift */; };
		41CF3C2DE1880BBAC66C7B2E /* SpinnerViewController.swift in Sources */ = {isa = PBXBuildFile; fileRef = 66D3BF69B6FCD65768E7AC4B /* SpinnerViewController.swift */; };
		45C3B6524DA2B2D05313D493 /* Assets.xcassets in Resources */ = {isa = PBXBuildFile; fileRef = 7EE6029443F754792FA20502 /* Assets.xcassets */; };
		5A82903C4063D5C6F1E3A1D1 /* audiowide-regular.ttf in Resources */ = {isa = PBXBuildFile; fileRef = 893F2B21D62D9A6B98FB0810 /* audiowide-regular.ttf */; };
		5DD1547EE8CB55832878E0E3 /* LaunchScreen.storyboard in Resources */ = {isa = PBXBuildFile; fileRef = EF21F2CF327E0B1D5457B750 /* LaunchScreen.storyboard */; };
		634AFE6CF047E5DD1F6875F9 /* LoginViewController.swift in Sources */ = {isa = PBXBuildFile; fileRef = BA3DFA256052E064C9B72D9A /* LoginViewController.swift */; };
		74DD21A72F660BFC6BF85848 /* Utils.swift in Sources */ = {isa = PBXBuildFile; fileRef = E9A299201C9A48605678C2D4 /* Utils.swift */; };
		877D77C378538A074B18E3B7 /* colornote.db in Resources */ = {isa = PBXBuildFile; fileRef = 4426B679332CD289878EA189 /* colornote.db */; };
		9834C92EC49252303E75C06F /* NotesListViewController.swift in Sources */ = {isa = PBXBuildFile; fileRef = A9D3A7CBB00DC66BE5E50D0C /* NotesListViewController.swift */; };
		B36E7AC13FC47292B3B9FB15 /* Settings.swift in Sources */ = {isa = PBXBuildFile; fileRef = A2B6E035AADA4DFDB4EAE61B /* Settings.swift */; };
		B7A62156D1044269201E043A /* AppDelegate.swift in Sources */ = {isa = PBXBuildFile; fileRef = A1957D5890D672FF626E21CC /* AppDelegate.swift */; };
		C35D83CBAF1C2FCF4B29240B /* Note.swift in Sources */ = {isa = PBXBuildFile; fileRef = 92D3A770914BEE353F9F515D /* Note.swift */; };
		C8D90AFF02FD4170888FA092 /* NoteDetailViewController.swift in Sources */ = {isa = PBXBuildFile; fileRef = D54728B17D1936CB19250D68 /* NoteDetailViewController.swift */; };
		CB345CA474ADF9A737712BB4 /* Globals.swift in Sources */ = {isa = PBXBuildFile; fileRef = 6E47F6EA1805EDF0D30FBD0A /* Globals.swift */; };
		DC34C3CAD70C890372485A23 /* Note2ViewController.swift in Sources */ = {isa = PBXBuildFile; fileRef = F7D9DBE2A1CBDAB454C12865 /* Note2ViewController.swift */; };
		E903AFD25AF4908BC5FD8C55 /* DataLoaderNotification.swift in Sources */ = {isa = PBXBuildFile; fileRef = 75A56CB0D023855688DF8BB3 /* DataLoaderNotification.swift */; };
		E96BC90DEF782AFDEE471A40 /* Main.storyboard in Resources */ = {isa = PBXBuildFile; fileRef = DC97A8A9BEA0ADA366358263 /* Main.storyboard */; };
/* End PBXBuildFile section */

/* Begin PBXFileReference section */
		113DFBC7CC6EE89A79068DA1 /* Pods-ColourNote.debug.xcconfig */ = {isa = PBXFileReference; includeInIndex = 1; lastKnownFileType = text.xcconfig; name = "Pods-ColourNote.debug.xcconfig"; path = "Target Support Files/Pods-ColourNote/Pods-ColourNote.debug.xcconfig"; sourceTree = "<group>"; };
		151B632C013000F21A31FAA1 /* RoundUIView.swift */ = {isa = PBXFileReference; includeInIndex = 1; lastKnownFileType = sourcecode.swift; name = RoundUIView.swift; path = ColourNote/RoundUIView.swift; sourceTree = "<group>"; };
		2C7500F1F904471B09BA8446 /* ColourNote.app */ = {isa = PBXFileReference; explicitFileType = wrapper.application; includeInIndex = 0; path = ColourNote.app; sourceTree = BUILT_PRODUCTS_DIR; };
		3447C1518F622CD945FA0588 /* Foundation.framework */ = {isa = PBXFileReference; lastKnownFileType = wrapper.framework; name = Foundation.framework; path = Platforms/iPhoneOS.platform/Developer/SDKs/iPhoneOS18.0.sdk/System/Library/Frameworks/Foundation.framework; sourceTree = DEVELOPER_DIR; };
		399F4930693CA4710608F190 /* LinedTextView.swift */ = {isa = PBXFileReference; includeInIndex = 1; lastKnownFileType = sourcecode.swift; name = LinedTextView.swift; path = ColourNote/LinedTextView.swift; sourceTree = "<group>"; };
		4426B679332CD289878EA189 /* colornote.db */ = {isa = PBXFileReference; includeInIndex = 1; lastKnownFileType = file; name = colornote.db; path = ColourNote/colornote.db; sourceTree = "<group>"; };
		66D3BF69B6FCD65768E7AC4B /* SpinnerViewController.swift */ = {isa = PBXFileReference; includeInIndex = 1; lastKnownFileType = sourcecode.swift; name = SpinnerViewController.swift; path = Shared/SpinnerViewController.swift; sourceTree = "<group>"; };
		6E47F6EA1805EDF0D30FBD0A /* Globals.swift */ = {isa = PBXFileReference; includeInIndex = 1; lastKnownFileType = sourcecode.swift; name = Globals.swift; path = Shared/Globals.swift; sourceTree = "<group>"; };
		75A56CB0D023855688DF8BB3 /* DataLoaderNotification.swift */ = {isa = PBXFileReference; includeInIndex = 1; lastKnownFileType = sourcecode.swift; name = DataLoaderNotification.swift; path = Shared/DataLoaderNotification.swift; sourceTree = "<group>"; };
		7EE6029443F754792FA20502 /* Assets.xcassets */ = {isa = PBXFileReference; includeInIndex = 1; lastKnownFileType = folder.assetcatalog; name = Assets.xcassets; path = ColourNote/Assets.xcassets; sourceTree = "<group>"; };
		893F2B21D62D9A6B98FB0810 /* audiowide-regular.ttf */ = {isa = PBXFileReference; includeInIndex = 1; lastKnownFileType = file; name = "audiowide-regular.ttf"; path = "ColourNote/audiowide-regular.ttf"; sourceTree = "<group>"; };
		8A8BB0F652A4FCBF87C2AABF /* NoteViewController.swift */ = {isa = PBXFileReference; includeInIndex = 1; lastKnownFileType = sourcecode.swift; name = NoteViewController.swift; path = ColourNote/NoteViewController.swift; sourceTree = "<group>"; };
		8CD6A90ABFCD21F96C43B6AC /* Pods-ColourNote.release.xcconfig */ = {isa = PBXFileReference; includeInIndex = 1; lastKnownFileType = text.xcconfig; name = "Pods-ColourNote.release.xcconfig"; path = "Target Support Files/Pods-ColourNote/Pods-ColourNote.release.xcconfig"; sourceTree = "<group>"; };
		92D3A770914BEE353F9F515D /* Note.swift */ = {isa = PBXFileReference; includeInIndex = 1; lastKnownFileType = sourcecode.swift; name = Note.swift; path = Shared/Note/Note.swift; sourceTree = "<group>"; };
		A1957D5890D672FF626E21CC /* AppDelegate.swift */ = {isa = PBXFileReference; includeInIndex = 1; lastKnownFileType = sourcecode.swift; name = AppDelegate.swift; path = ColourNote/AppDelegate.swift; sourceTree = "<group>"; };
		A2B6E035AADA4DFDB4EAE61B /* Settings.swift */ = {isa = PBXFileReference; includeInIndex = 1; lastKnownFileType = sourcecode.swift; name = Settings.swift; path = Shared/Settings.swift; sourceTree = "<group>"; };
		A9D3A7CBB00DC66BE5E50D0C /* NotesListViewController.swift */ = {isa = PBXFileReference; includeInIndex = 1; lastKnownFileType = sourcecode.swift; name = NotesListViewController.swift; path = ColourNote/NotesListViewController.swift; sourceTree = "<group>"; };
		BA3DFA256052E064C9B72D9A /* LoginViewController.swift */ = {isa = PBXFileReference; includeInIndex = 1; lastKnownFileType = sourcecode.swift; name = LoginViewController.swift; path = ColourNote/LoginViewController.swift; sourceTree = "<group>"; };
		D54728B17D1936CB19250D68 /* NoteDetailViewController.swift */ = {isa = PBXFileReference; includeInIndex = 1; lastKnownFileType = sourcecode.swift; name = NoteDetailViewController.swift; path = ColourNote/NoteDetailViewController.swift; sourceTree = "<group>"; };
		DC97A8A9BEA0ADA366358263 /* Main.storyboard */ = {isa = PBXFileReference; includeInIndex = 1; lastKnownFileType = file.storyboard; name = Main.storyboard; path = ColourNote/Storyboards/Base.lproj/Main.storyboard; sourceTree = "<group>"; };
		E9A299201C9A48605678C2D4 /* Utils.swift */ = {isa = PBXFileReference; includeInIndex = 1; lastKnownFileType = sourcecode.swift; name = Utils.swift; path = Shared/Utils.swift; sourceTree = "<group>"; };
		EF21F2CF327E0B1D5457B750 /* LaunchScreen.storyboard */ = {isa = PBXFileReference; includeInIndex = 1; lastKnownFileType = file.storyboard; name = LaunchScreen.storyboard; path = ColourNote/Storyboards/Base.lproj/LaunchScreen.storyboard; sourceTree = "<group>"; };
		F7D9DBE2A1CBDAB454C12865 /* Note2ViewController.swift */ = {isa = PBXFileReference; includeInIndex = 1; lastKnownFileType = sourcecode.swift; name = Note2ViewController.swift; path = ColourNote/Note2ViewController.swift; sourceTree = "<group>"; };
		F90A3689760763D4FEE4112F /* Info.plist */ = {isa = PBXFileReference; includeInIndex = 1; lastKnownFileType = text.plist.xml; name = Info.plist; path = ColourNote/Info.plist; sourceTree = "<group>"; };
		FAA608A98F41F901DC3ECB8A /* NoteRecords.swift */ = {isa = PBXFileReference; includeInIndex = 1; lastKnownFileType = sourcecode.swift; name = NoteRecords.swift; path = Shared/NoteList/NoteRecords.swift; sourceTree = "<group>"; };
/* End PBXFileReference section */

/* Begin PBXFrameworksBuildPhase section */
		927FE36D1FF6B0086322C019 /* Frameworks */ = {
			isa = PBXFrameworksBuildPhase;
			buildActionMask = 2147483647;
			files = (
				000C08872EC5B7F200ACC394 /* SQLite in Frameworks */,
				06BFA357937C8A1711FC9F4C /* Foundation.framework in Frameworks */,
			);
			runOnlyForDeploymentPostprocessing = 0;
		};
/* End PBXFrameworksBuildPhase section */

/* Begin PBXGroup section */
		0956E81AA95BAF6B5DFD68B5 /* Shared */ = {
			isa = PBXGroup;
			children = (
				6E47F6EA1805EDF0D30FBD0A /* Globals.swift */,
				A2B6E035AADA4DFDB4EAE61B /* Settings.swift */,
				E9A299201C9A48605678C2D4 /* Utils.swift */,
				92D3A770914BEE353F9F515D /* Note.swift */,
				FAA608A98F41F901DC3ECB8A /* NoteRecords.swift */,
				66D3BF69B6FCD65768E7AC4B /* SpinnerViewController.swift */,
				75A56CB0D023855688DF8BB3 /* DataLoaderNotification.swift */,
			);
			name = Shared;
			sourceTree = "<group>";
		};
		2F32D4D360878E2F9D8CE48D /* Products */ = {
			isa = PBXGroup;
			children = (
				2C7500F1F904471B09BA8446 /* ColourNote.app */,
			);
			name = Products;
			sourceTree = "<group>";
		};
		48B9A5C7591B400D98B15854 /* iOS */ = {
			isa = PBXGroup;
			children = (
				3447C1518F622CD945FA0588 /* Foundation.framework */,
			);
			name = iOS;
			sourceTree = "<group>";
		};
		6C6B59086C3B4AE73F5AE648 /* Storyboards */ = {
			isa = PBXGroup;
			children = (
				DC97A8A9BEA0ADA366358263 /* Main.storyboard */,
				EF21F2CF327E0B1D5457B750 /* LaunchScreen.storyboard */,
			);
			name = Storyboards;
			sourceTree = "<group>";
		};
		87CCCC9241B99D4A5738DBC3 /* HomeView */ = {
			isa = PBXGroup;
			children = (
			);
			name = HomeView;
			sourceTree = "<group>";
		};
		9B08064928FCE0147AE0DE0B /* Pods */ = {
			isa = PBXGroup;
			children = (
				8CD6A90ABFCD21F96C43B6AC /* Pods-ColourNote.release.xcconfig */,
				113DFBC7CC6EE89A79068DA1 /* Pods-ColourNote.debug.xcconfig */,
			);
			path = Pods;
			sourceTree = "<group>";
		};
		C8507B4994E477A9C6063FEB /* AnalysisView */ = {
			isa = PBXGroup;
			children = (
			);
			name = AnalysisView;
			sourceTree = "<group>";
		};
		D12EABB1CA1BC64AFC72DF13 /* Frameworks */ = {
			isa = PBXGroup;
			children = (
				48B9A5C7591B400D98B15854 /* iOS */,
			);
			name = Frameworks;
			sourceTree = "<group>";
		};
		D62310E180F44AD9795502C9 /* ActivityView */ = {
			isa = PBXGroup;
			children = (
			);
			name = ActivityView;
			sourceTree = "<group>";
		};
		E0685716BBF82DCCC912F19A = {
			isa = PBXGroup;
			children = (
				2F32D4D360878E2F9D8CE48D /* Products */,
				D12EABB1CA1BC64AFC72DF13 /* Frameworks */,
				F3EC00706371DEFD61CA709C /* ColourNote */,
				0956E81AA95BAF6B5DFD68B5 /* Shared */,
				9B08064928FCE0147AE0DE0B /* Pods */,
			);
			sourceTree = "<group>";
		};
		F3EC00706371DEFD61CA709C /* ColourNote */ = {
			isa = PBXGroup;
			children = (
				A1957D5890D672FF626E21CC /* AppDelegate.swift */,
				A9D3A7CBB00DC66BE5E50D0C /* NotesListViewController.swift */,
				8A8BB0F652A4FCBF87C2AABF /* NoteViewController.swift */,
				D54728B17D1936CB19250D68 /* NoteDetailViewController.swift */,
				F7D9DBE2A1CBDAB454C12865 /* Note2ViewController.swift */,
				399F4930693CA4710608F190 /* LinedTextView.swift */,
				151B632C013000F21A31FAA1 /* RoundUIView.swift */,
				BA3DFA256052E064C9B72D9A /* LoginViewController.swift */,
				C8507B4994E477A9C6063FEB /* AnalysisView */,
				87CCCC9241B99D4A5738DBC3 /* HomeView */,
				D62310E180F44AD9795502C9 /* ActivityView */,
				6C6B59086C3B4AE73F5AE648 /* Storyboards */,
				F90A3689760763D4FEE4112F /* Info.plist */,
				7EE6029443F754792FA20502 /* Assets.xcassets */,
				893F2B21D62D9A6B98FB0810 /* audiowide-regular.ttf */,
				4426B679332CD289878EA189 /* colornote.db */,
			);
			name = ColourNote;
			sourceTree = "<group>";
		};
/* End PBXGroup section */

/* Begin PBXNativeTarget section */
		D19835A9F1872246EA0C600B /* ColourNote */ = {
			isa = PBXNativeTarget;
			buildConfigurationList = 4CDF34A36E46B0FC1FAAB1B5 /* Build configuration list for PBXNativeTarget "ColourNote" */;
			buildPhases = (
				792EC9CF7F31F6C86EE00004 /* Sources */,
				927FE36D1FF6B0086322C019 /* Frameworks */,
				ACEDB393CA7CBACB8DF9EC9E /* Resources */,
			);
			buildRules = (
			);
			dependencies = (
			);
			name = ColourNote;
			productName = ColourNote;
			productReference = 2C7500F1F904471B09BA8446 /* ColourNote.app */;
			productType = "com.apple.product-type.application";
		};
/* End PBXNativeTarget section */

/* Begin PBXProject section */
		DA515CAC29E8B01055C9DA27 /* Project object */ = {
			isa = PBXProject;
			attributes = {
				LastSwiftUpdateCheck = 1600;
				LastUpgradeCheck = 1600;
			};
			buildConfigurationList = 4577545BFF994EFA88194BA7 /* Build configuration list for PBXProject "ColourNoteProj" */;
			compatibilityVersion = "Xcode 3.2";
			developmentRegion = en;
			hasScannedForEncodings = 0;
			knownRegions = (
				en,
				Base,
			);
			mainGroup = E0685716BBF82DCCC912F19A;
			packageReferences = (
				000C08852EC5B7F200ACC394 /* XCRemoteSwiftPackageReference "SQLite" */,
			);
			productRefGroup = 2F32D4D360878E2F9D8CE48D /* Products */;
			projectDirPath = "";
			projectRoot = "";
			targets = (
				D19835A9F1872246EA0C600B /* ColourNote */,
			);
		};
/* End PBXProject section */

/* Begin PBXResourcesBuildPhase section */
		ACEDB393CA7CBACB8DF9EC9E /* Resources */ = {
			isa = PBXResourcesBuildPhase;
			buildActionMask = 2147483647;
			files = (
				E96BC90DEF782AFDEE471A40 /* Main.storyboard in Resources */,
				5DD1547EE8CB55832878E0E3 /* LaunchScreen.storyboard in Resources */,
				45C3B6524DA2B2D05313D493 /* Assets.xcassets in Resources */,
				5A82903C4063D5C6F1E3A1D1 /* audiowide-regular.ttf in Resources */,
				877D77C378538A074B18E3B7 /* colornote.db in Resources */,
			);
			runOnlyForDeploymentPostprocessing = 0;
		};
/* End PBXResourcesBuildPhase section */

/* Begin PBXSourcesBuildPhase section */
		792EC9CF7F31F6C86EE00004 /* Sources */ = {
			isa = PBXSourcesBuildPhase;
			buildActionMask = 2147483647;
			files = (
				B7A62156D1044269201E043A /* AppDelegate.swift in Sources */,
				9834C92EC49252303E75C06F /* NotesListViewController.swift in Sources */,
				2B35C823B134674D76C0AB57 /* NoteViewController.swift in Sources */,
				C8D90AFF02FD4170888FA092 /* NoteDetailViewController.swift in Sources */,
				DC34C3CAD70C890372485A23 /* Note2ViewController.swift in Sources */,
				0A2519E7EE40271944833A9E /* LinedTextView.swift in Sources */,
				27C568D29772503FBC3FC133 /* RoundUIView.swift in Sources */,
				634AFE6CF047E5DD1F6875F9 /* LoginViewController.swift in Sources */,
				CB345CA474ADF9A737712BB4 /* Globals.swift in Sources */,
				B36E7AC13FC47292B3B9FB15 /* Settings.swift in Sources */,
				74DD21A72F660BFC6BF85848 /* Utils.swift in Sources */,
				C35D83CBAF1C2FCF4B29240B /* Note.swift in Sources */,
				0AD24A7246DF253CE8584239 /* NoteRecords.swift in Sources */,
				41CF3C2DE1880BBAC66C7B2E /* SpinnerViewController.swift in Sources */,
				E903AFD25AF4908BC5FD8C55 /* DataLoaderNotification.swift in Sources */,
			);
			runOnlyForDeploymentPostprocessing = 0;
		};
/* End PBXSourcesBuildPhase section */

/* Begin XCBuildConfiguration section */
		0EF3A40EA8AD2FE168858E03 /* Release */ = {
			isa = XCBuildConfiguration;
			buildSettings = {
				ALWAYS_SEARCH_USER_PATHS = NO;
				CLANG_ANALYZER_NONNULL = YES;
				CLANG_ANALYZER_NUMBER_OBJECT_CONVERSION = YES_AGGRESSIVE;
				CLANG_CXX_LANGUAGE_STANDARD = "gnu++14";
				CLANG_CXX_LIBRARY = "libc++";
				CLANG_ENABLE_MODULES = YES;
				CLANG_ENABLE_OBJC_ARC = YES;
				CLANG_ENABLE_OBJC_WEAK = YES;
				CLANG_WARN_BLOCK_CAPTURE_AUTORELEASING = YES;
				CLANG_WARN_BOOL_CONVERSION = YES;
				CLANG_WARN_COMMA = YES;
				CLANG_WARN_CONSTANT_CONVERSION = YES;
				CLANG_WARN_DEPRECATED_OBJC_IMPLEMENTATIONS = YES;
				CLANG_WARN_DIRECT_OBJC_ISA_USAGE = YES_ERROR;
				CLANG_WARN_DOCUMENTATION_COMMENTS = YES;
				CLANG_WARN_EMPTY_BODY = YES;
				CLANG_WARN_ENUM_CONVERSION = YES;
				CLANG_WARN_INFINITE_RECURSION = YES;
				CLANG_WARN_INT_CONVERSION = YES;
				CLANG_WARN_NON_LITERAL_NULL_CONVERSION = YES;
				CLANG_WARN_OBJC_IMPLICIT_RETAIN_SELF = YES;
				CLANG_WARN_OBJC_LITERAL_CONVERSION = YES;
				CLANG_WARN_OBJC_ROOT_CLASS = YES_ERROR;
				CLANG_WARN_QUOTED_INCLUDE_IN_FRAMEWORK_HEADER = YES;
				CLANG_WARN_RANGE_LOOP_ANALYSIS = YES;
				CLANG_WARN_STRICT_PROTOTYPES = YES;
				CLANG_WARN_SUSPICIOUS_MOVE = YES;
				CLANG_WARN_UNGUARDED_AVAILABILITY = YES_AGGRESSIVE;
				CLANG_WARN_UNREACHABLE_CODE = YES;
				CLANG_WARN__DUPLICATE_METHOD_MATCH = YES;
				COPY_PHASE_STRIP = NO;
				DEBUG_INFORMATION_FORMAT = "dwarf-with-dsym";
				ENABLE_NS_ASSERTIONS = NO;
				ENABLE_STRICT_OBJC_MSGSEND = YES;
				GCC_C_LANGUAGE_STANDARD = gnu11;
				GCC_NO_COMMON_BLOCKS = YES;
				GCC_WARN_64_TO_32_BIT_CONVERSION = YES;
				GCC_WARN_ABOUT_RETURN_TYPE = YES_ERROR;
				GCC_WARN_UNDECLARED_SELECTOR = YES;
				GCC_WARN_UNINITIALIZED_AUTOS = YES_AGGRESSIVE;
				GCC_WARN_UNUSED_FUNCTION = YES;
				GCC_WARN_UNUSED_VARIABLE = YES;
				MTL_ENABLE_DEBUG_INFO = NO;
				MTL_FAST_MATH = YES;
				PRODUCT_NAME = "$(TARGET_NAME)";
				SWIFT_COMPILATION_MODE = wholemodule;
				SWIFT_OPTIMIZATION_LEVEL = "-O";
				SWIFT_VERSION = 5.0;
			};
			name = Release;
		};
		27C6E060177971E0AE59B54D /* Release */ = {
			isa = XCBuildConfiguration;
			buildSettings = {
				ASSETCATALOG_COMPILER_APPICON_NAME = AppIcon;
				ASSETCATALOG_COMPILER_GLOBAL_ACCENT_COLOR_NAME = AccentColor;
				DEVELOPMENT_TEAM = KBXB5A7336;
				INFOPLIST_FILE = ColourNote/Info.plist;
				IPHONEOS_DEPLOYMENT_TARGET = 12.0;
				LD_RUNPATH_SEARCH_PATHS = (
					"$(inherited)",
					"@executable_path/Frameworks",
				);
				PRODUCT_BUNDLE_IDENTIFIER = com.pangtuwi.ColourNote;
				PRODUCT_NAME = ColourNote;
				SDKROOT = iphoneos;
				SWIFT_VERSION = 5.0;
				TARGETED_DEVICE_FAMILY = "1,2";
				VALIDATE_PRODUCT = YES;
			};
			name = Release;
		};
		6C7401139BFF6D5380F6FE8D /* Debug */ = {
			isa = XCBuildConfiguration;
			buildSettings = {
				ASSETCATALOG_COMPILER_APPICON_NAME = AppIcon;
				ASSETCATALOG_COMPILER_GLOBAL_ACCENT_COLOR_NAME = AccentColor;
				DEVELOPMENT_TEAM = KBXB5A7336;
				INFOPLIST_FILE = ColourNote/Info.plist;
				IPHONEOS_DEPLOYMENT_TARGET = 12.0;
				LD_RUNPATH_SEARCH_PATHS = (
					"$(inherited)",
					"@executable_path/Frameworks",
				);
				PRODUCT_BUNDLE_IDENTIFIER = com.pangtuwi.ColourNote;
				PRODUCT_NAME = ColourNote;
				SDKROOT = iphoneos;
				SWIFT_VERSION = 5.0;
				TARGETED_DEVICE_FAMILY = "1,2";
			};
			name = Debug;
		};
		BA24DF70F74425E8905B0B7C /* Debug */ = {
			isa = XCBuildConfiguration;
			buildSettings = {
				ALWAYS_SEARCH_USER_PATHS = NO;
				CLANG_ANALYZER_NONNULL = YES;
				CLANG_ANALYZER_NUMBER_OBJECT_CONVERSION = YES_AGGRESSIVE;
				CLANG_CXX_LANGUAGE_STANDARD = "gnu++14";
				CLANG_CXX_LIBRARY = "libc++";
				CLANG_ENABLE_MODULES = YES;
				CLANG_ENABLE_OBJC_ARC = YES;
				CLANG_ENABLE_OBJC_WEAK = YES;
				CLANG_WARN_BLOCK_CAPTURE_AUTORELEASING = YES;
				CLANG_WARN_BOOL_CONVERSION = YES;
				CLANG_WARN_COMMA = YES;
				CLANG_WARN_CONSTANT_CONVERSION = YES;
				CLANG_WARN_DEPRECATED_OBJC_IMPLEMENTATIONS = YES;
				CLANG_WARN_DIRECT_OBJC_ISA_USAGE = YES_ERROR;
				CLANG_WARN_DOCUMENTATION_COMMENTS = YES;
				CLANG_WARN_EMPTY_BODY = YES;
				CLANG_WARN_ENUM_CONVERSION = YES;
				CLANG_WARN_INFINITE_RECURSION = YES;
				CLANG_WARN_INT_CONVERSION = YES;
				CLANG_WARN_NON_LITERAL_NULL_CONVERSION = YES;
				CLANG_WARN_OBJC_IMPLICIT_RETAIN_SELF = YES;
				CLANG_WARN_OBJC_LITERAL_CONVERSION = YES;
				CLANG_WARN_OBJC_ROOT_CLASS = YES_ERROR;
				CLANG_WARN_QUOTED_INCLUDE_IN_FRAMEWORK_HEADER = YES;
				CLANG_WARN_RANGE_LOOP_ANALYSIS = YES;
				CLANG_WARN_STRICT_PROTOTYPES = YES;
				CLANG_WARN_SUSPICIOUS_MOVE = YES;
				CLANG_WARN_UNGUARDED_AVAILABILITY = YES_AGGRESSIVE;
				CLANG_WARN_UNREACHABLE_CODE = YES;
				CLANG_WARN__DUPLICATE_METHOD_MATCH = YES;
				COPY_PHASE_STRIP = NO;
				DEBUG_INFORMATION_FORMAT = dwarf;
				ENABLE_STRICT_OBJC_MSGSEND = YES;
				ENABLE_TESTABILITY = YES;
				GCC_C_LANGUAGE_STANDARD = gnu11;
				GCC_DYNAMIC_NO_PIC = NO;
				GCC_NO_COMMON_BLOCKS = YES;
				GCC_OPTIMIZATION_LEVEL = 0;
				GCC_PREPROCESSOR_DEFINITIONS = (
					"DEBUG=1",
					"$(inherited)",
				);
				GCC_WARN_64_TO_32_BIT_CONVERSION = YES;
				GCC_WARN_ABOUT_RETURN_TYPE = YES_ERROR;
				GCC_WARN_UNDECLARED_SELECTOR = YES;
				GCC_WARN_UNINITIALIZED_AUTOS = YES_AGGRESSIVE;
				GCC_WARN_UNUSED_FUNCTION = YES;
				GCC_WARN_UNUSED_VARIABLE = YES;
				MTL_ENABLE_DEBUG_INFO = INCLUDE_SOURCE;
				MTL_FAST_MATH = YES;
				ONLY_ACTIVE_ARCH = YES;
				PRODUCT_NAME = "$(TARGET_NAME)";
				SWIFT_ACTIVE_COMPILATION_CONDITIONS = DEBUG;
				SWIFT_OPTIMIZATION_LEVEL = "-Onone";
				SWIFT_VERSION = 5.0;
			};
			name = Debug;
		};
/* End XCBuildConfiguration section */

/* Begin XCConfigurationList section */
		4577545BFF994EFA88194BA7 /* Build configuration list for PBXProject "ColourNoteProj" */ = {
			isa = XCConfigurationList;
			buildConfigurations = (
				BA24DF70F74425E8905B0B7C /* Debug */,
				0EF3A40EA8AD2FE168858E03 /* Release */,
			);
			defaultConfigurationIsVisible = 0;
			defaultConfigurationName = Release;
		};
		4CDF34A36E46B0FC1FAAB1B5 /* Build configuration list for PBXNativeTarget "ColourNote" */ = {
			isa = XCConfigurationList;
			buildConfigurations = (
				27C6E060177971E0AE59B54D /* Release */,
				6C7401139BFF6D5380F6FE8D /* Debug */,
			);
			defaultConfigurationIsVisible = 0;
			defaultConfigurationName = Release;
		};
/* End XCConfigurationList section */

/* Begin XCRemoteSwiftPackageReference section */
		000C08852EC5B7F200ACC394 /* XCRemoteSwiftPackageReference "SQLite" */ = {
			isa = XCRemoteSwiftPackageReference;
			repositoryURL = "https://github.com/stephencelis/SQLite.swift";
			requirement = {
				kind = upToNextMajorVersion;
				minimumVersion = 0.15.4;
			};
		};
/* End XCRemoteSwiftPackageReference section */

/* Begin XCSwiftPackageProductDependency section */
		000C08862EC5B7F200ACC394 /* SQLite */ = {
			isa = XCSwiftPackageProductDependency;
			package = 000C08852EC5B7F200ACC394 /* XCRemoteSwiftPackageReference "SQLite" */;
			productName = SQLite;
		};
/* End XCSwiftPackageProductDependency section */
	};
	rootObject = DA515CAC29E8B01055C9DA27 /* Project object */;
}
